
Microsoft Visual Studio Solution File, Format Version 12.00
# Visual Studio 2012
Project("{FAE04EC0-301F-11D3-BF4B-00C04F79EFBC}") = "rtc-app-csharp", "rtc-app-csharp\rtc-app-csharp.csproj", "{853CA45E-8388-4CB6-BB50-8C73D4819464}"
EndProject
Global
	GlobalSection(SolutionConfigurationPlatforms) = preSolution
		Debug|Any CPU = Debug|Any CPU
		Release|Any CPU = Release|Any CPU
	EndGlobalSection
	GlobalSection(ProjectConfigurationPlatforms) = postSolution
		{853CA45E-8388-4CB6-BB50-8C73D4819464}.Debug|Any CPU.ActiveCfg = Debug|Any CPU
		{853CA45E-8388-4CB6-BB50-8C73D4819464}.Debug|Any CPU.Build.0 = Debug|Any CPU
		{853CA45E-8388-4CB6-BB50-8C73D4819464}.Release|Any CPU.ActiveCfg = Release|Any CPU
		{853CA45E-8388-4CB6-BB50-8C73D4819464}.Release|Any CPU.Build.0 = Release|Any CPU
	EndGlobalSection
EndGlobal
