# This file is autogenerated, do not edit; changes may be undone by the next 'dep ensure'.


[[projects]]
  digest = "1:123fa087d9773527c9ac5f934b1192989c646e0e722abd547dbbdc4209a37a4f"
  name = "github.com/ossrs/go-oryx-lib"
  packages = [
    "http",
    "logger",
  ]
  pruneopts = ""
  revision = "223f7f8586fd18a400248500fd6aabcd7abeb5fb"
  version = "v0.0.4"

[[projects]]
  digest = "1:7f569d906bdd20d906b606415b7d794f798f91a62fcfb6a4daa6d50690fb7a3f"
  name = "github.com/satori/go.uuid"
  packages = ["."]
  pruneopts = ""
  revision = "f58768cc1a7a7e77a3bd49e98cdd21419399b6a3"
  version = "v1.2.0"

[solve-meta]
  analyzer-name = "dep"
  analyzer-version = 1
  input-imports = [
    "github.com/ossrs/go-oryx-lib/http",
    "github.com/ossrs/go-oryx-lib/logger",
    "github.com/satori/go.uuid",
  ]
  solver-name = "gps-cdcl"
  solver-version = 1
